
Microsoft Visual Studio Solution File, Format Version 12.00
# Visual Studio 2012
Project("{FAE04EC0-301F-11D3-BF4B-00C04F79EFBC}") = "SignalRChatHelloWorldMvc4", "SignalRChatHelloWorldMvc4\SignalRChatHelloWorldMvc4.csproj", "{54A63EFE-CEB8-4905-BF4B-B5D1AE36D5F8}"
EndProject
Global
	GlobalSection(SolutionConfigurationPlatforms) = preSolution
		Debug|Any CPU = Debug|Any CPU
		Release|Any CPU = Release|Any CPU
	EndGlobalSection
	GlobalSection(ProjectConfigurationPlatforms) = postSolution
		{54A63EFE-CEB8-4905-BF4B-B5D1AE36D5F8}.Debug|Any CPU.ActiveCfg = Debug|Any CPU
		{54A63EFE-CEB8-4905-BF4B-B5D1AE36D5F8}.Debug|Any CPU.Build.0 = Debug|Any CPU
		{54A63EFE-CEB8-4905-BF4B-B5D1AE36D5F8}.Release|Any CPU.ActiveCfg = Release|Any CPU
		{54A63EFE-CEB8-4905-BF4B-B5D1AE36D5F8}.Release|Any CPU.Build.0 = Release|Any CPU
	EndGlobalSection
	GlobalSection(SolutionProperties) = preSolution
		HideSolutionNode = FALSE
	EndGlobalSection
EndGlobal
